{
  "version": 4,
  "terraform_version": "1.6.2",
  "serial": 78,
  "lineage": "b858aee9-23cd-5144-8d11-d3cfe0e3c321",
  "outputs": {},
  "resources": [
    {
      "mode": "managed",
      "type": "aws_iam_instance_profile",
      "name": "resources-iam-profile",
      "provider": "provider[\"registry.terraform.io/hashicorp/aws\"]",
      "instances": [
        {
          "schema_version": 0,
          "attributes": {
            "arn": "arn:aws:iam::115692483503:instance-profile/ec2-admin",
            "create_date": "2023-12-05T23:24:06Z",
            "id": "ec2-admin",
            "name": "ec2-admin",
            "name_prefix": "",
            "path": "/",
            "role": "ec2-admin",
            "tags": {},
            "tags_all": {},
            "unique_id": "AIPARV36PGOXXVNR6XXYX"
          },
          "sensitive_attributes": [],
          "private": "bnVsbA==",
          "dependencies": [
            "aws_iam_role.resources-iam-role"
          ]
        }
      ]
    },
    {
      "mode": "managed",
      "type": "aws_iam_policy",
      "name": "ec2-admin-policy",
      "provider": "provider[\"registry.terraform.io/hashicorp/aws\"]",
      "instances": [
        {
          "schema_version": 0,
          "attributes": {
            "arn": "arn:aws:iam::115692483503:policy/ec2-admin-policy",
            "description": "Policy for EC2 admin role",
            "id": "arn:aws:iam::115692483503:policy/ec2-admin-policy",
            "name": "ec2-admin-policy",
            "name_prefix": "",
            "path": "/",
            "policy": "{\"Statement\":[{\"Action\":[\"ec2:*\",\"iam:*\",\"eks:*\",\"cloudformation:*\"],\"Effect\":\"Allow\",\"Resource\":\"*\"}],\"Version\":\"2012-10-17\"}",
            "policy_id": "ANPARV36PGOX6FXZJQPCQ",
            "tags": {},
            "tags_all": {}
          },
          "sensitive_attributes": [],
          "private": "bnVsbA=="
        }
      ]
    },
    {
      "mode": "managed",
      "type": "aws_iam_policy",
      "name": "ec2-describe-instances",
      "provider": "provider[\"registry.terraform.io/hashicorp/aws\"]",
      "instances": [
        {
          "schema_version": 0,
          "attributes": {
            "arn": "arn:aws:iam::115692483503:policy/ec2-describe-instances-policy",
            "description": "Policy to describe EC2 instances",
            "id": "arn:aws:iam::115692483503:policy/ec2-describe-instances-policy",
            "name": "ec2-describe-instances-policy",
            "name_prefix": "",
            "path": "/",
            "policy": "{\"Statement\":[{\"Action\":\"ec2:DescribeInstanceTypeOfferings\",\"Effect\":\"Allow\",\"Resource\":\"*\"}],\"Version\":\"2012-10-17\"}",
            "policy_id": "ANPARV36PGOXZFDGSKUQD",
            "tags": {},
            "tags_all": {}
          },
          "sensitive_attributes": [],
          "private": "bnVsbA=="
        }
      ]
    },
    {
      "mode": "managed",
      "type": "aws_iam_role",
      "name": "resources-iam-role",
      "provider": "provider[\"registry.terraform.io/hashicorp/aws\"]",
      "instances": [
        {
          "schema_version": 0,
          "attributes": {
            "arn": "arn:aws:iam::115692483503:role/ec2-admin",
            "assume_role_policy": "{\"Statement\":[{\"Action\":\"sts:AssumeRole\",\"Effect\":\"Allow\",\"Principal\":{\"Service\":\"ec2.amazonaws.com\"}}],\"Version\":\"2012-10-17\"}",
            "create_date": "2023-12-05T23:24:05Z",
            "description": "The role for infra EC2",
            "force_detach_policies": false,
            "id": "ec2-admin",
            "inline_policy": [],
            "managed_policy_arns": [
              "arn:aws:iam::115692483503:policy/cloudformation-policy",
              "arn:aws:iam::115692483503:policy/ec2-admin-policy",
              "arn:aws:iam::115692483503:policy/ec2-describe-instances-policy"
            ],
            "max_session_duration": 3600,
            "name": "ec2-admin",
            "name_prefix": "",
            "path": "/",
            "permissions_boundary": "",
            "tags": {},
            "tags_all": {},
            "unique_id": "AROARV36PGOXUELLUPYLP"
          },
          "sensitive_attributes": [],
          "private": "bnVsbA=="
        }
      ]
    },
    {
      "mode": "managed",
      "type": "aws_iam_role_policy_attachment",
      "name": "attach-describe-instances-policy",
      "provider": "provider[\"registry.terraform.io/hashicorp/aws\"]",
      "instances": [
        {
          "schema_version": 0,
          "attributes": {
            "id": "ec2-admin-20231206010203760200000001",
            "policy_arn": "arn:aws:iam::115692483503:policy/ec2-describe-instances-policy",
            "role": "ec2-admin"
          },
          "sensitive_attributes": [],
          "private": "bnVsbA==",
          "dependencies": [
            "aws_iam_policy.ec2-describe-instances",
            "aws_iam_role.resources-iam-role"
          ]
        }
      ]
    },
    {
      "mode": "managed",
      "type": "aws_iam_role_policy_attachment",
      "name": "attach-ec2-admin-policy",
      "provider": "provider[\"registry.terraform.io/hashicorp/aws\"]",
      "instances": [
        {
          "schema_version": 0,
          "attributes": {
            "id": "ec2-admin-20231206012429972900000001",
            "policy_arn": "arn:aws:iam::115692483503:policy/ec2-admin-policy",
            "role": "ec2-admin"
          },
          "sensitive_attributes": [],
          "private": "bnVsbA==",
          "dependencies": [
            "aws_iam_policy.ec2-admin-policy",
            "aws_iam_role.resources-iam-role"
          ]
        }
      ]
    },
    {
      "module": "module.keys",
      "mode": "managed",
      "type": "aws_key_pair",
      "name": "pin",
      "provider": "provider[\"registry.terraform.io/hashicorp/aws\"]",
      "instances": [
        {
          "schema_version": 1,
          "attributes": {
            "arn": "arn:aws:ec2:us-east-2:115692483503:key-pair/pin",
            "fingerprint": "qYgoSe9UKdj6qBOk8U830JIFEoxMAG/4mXcSfNd+Nhg=",
            "id": "pin",
            "key_name": "pin",
            "key_name_prefix": "",
            "key_pair_id": "key-0f9025ca680e1a28b",
            "key_type": "ed25519",
            "public_key": "ssh-ed25519 AAAAC3NzaC1lZDI1NTE5AAAAIEXmS1q56caYzuK3RwcJVaMZg62LR2kxRBRDAkq+VXy4 danielrosso@MacBook-Air-de-Daniel.local",
            "tags": {
              "Environment": "prod",
              "project": "pin-final-grupo-5"
            },
            "tags_all": {
              "Environment": "prod",
              "project": "pin-final-grupo-5"
            }
          },
          "sensitive_attributes": [],
          "private": "eyJzY2hlbWFfdmVyc2lvbiI6IjEifQ=="
        }
      ]
    },
    {
      "module": "module.server_pin_final_web",
      "mode": "managed",
      "type": "aws_instance",
      "name": "app_server",
      "provider": "provider[\"registry.terraform.io/hashicorp/aws\"]",
      "instances": [
        {
          "schema_version": 1,
          "attributes": {
            "ami": "ami-07b36ea9852e986ad",
            "arn": "arn:aws:ec2:us-east-2:115692483503:instance/i-092a68619eda249ff",
            "associate_public_ip_address": true,
            "availability_zone": "us-east-2a",
            "capacity_reservation_specification": [
              {
                "capacity_reservation_preference": "open",
                "capacity_reservation_target": []
              }
            ],
            "cpu_core_count": 1,
            "cpu_options": [
              {
                "amd_sev_snp": "",
                "core_count": 1,
                "threads_per_core": 1
              }
            ],
            "cpu_threads_per_core": 1,
            "credit_specification": [
              {
                "cpu_credits": "standard"
              }
            ],
            "disable_api_stop": false,
            "disable_api_termination": false,
            "ebs_block_device": [],
            "ebs_optimized": false,
            "enclave_options": [
              {
                "enabled": false
              }
            ],
            "ephemeral_block_device": [],
            "get_password_data": false,
            "hibernation": false,
            "host_id": "",
            "host_resource_group_arn": null,
            "iam_instance_profile": "ec2-admin",
            "id": "i-092a68619eda249ff",
            "instance_initiated_shutdown_behavior": "stop",
            "instance_lifecycle": "",
            "instance_market_options": [],
            "instance_state": "running",
            "instance_type": "t2.small",
            "ipv6_address_count": 0,
            "ipv6_addresses": [],
            "key_name": "pin",
            "launch_template": [],
            "maintenance_options": [
              {
                "auto_recovery": "default"
              }
            ],
            "metadata_options": [
              {
                "http_endpoint": "enabled",
                "http_protocol_ipv6": "disabled",
                "http_put_response_hop_limit": 1,
                "http_tokens": "optional",
                "instance_metadata_tags": "disabled"
              }
            ],
            "monitoring": false,
            "network_interface": [],
            "outpost_arn": "",
            "password_data": "",
            "placement_group": "",
            "placement_partition_number": 0,
            "primary_network_interface_id": "eni-040e1b1ecd2e4035d",
            "private_dns": "ip-172-31-4-213.us-east-2.compute.internal",
            "private_dns_name_options": [
              {
                "enable_resource_name_dns_a_record": false,
                "enable_resource_name_dns_aaaa_record": false,
                "hostname_type": "ip-name"
              }
            ],
            "private_ip": "172.31.4.213",
            "public_dns": "ec2-3-144-122-214.us-east-2.compute.amazonaws.com",
            "public_ip": "3.144.122.214",
            "root_block_device": [
              {
                "delete_on_termination": true,
                "device_name": "/dev/sda1",
                "encrypted": true,
                "iops": 150,
                "kms_key_id": "arn:aws:kms:us-east-2:115692483503:key/50d87efa-6353-499f-868d-1dcf783474e0",
                "tags": {},
                "throughput": 0,
                "volume_id": "vol-0cfe6000bd9ce2747",
                "volume_size": 50,
                "volume_type": "gp2"
              }
            ],
            "secondary_private_ips": [],
            "security_groups": [
              "pin-final-sg"
            ],
            "source_dest_check": true,
            "spot_instance_request_id": "",
            "subnet_id": "subnet-08f773aa03cac7ca6",
            "tags": {
              "Environment": "prod",
              "project": "pin-final-grupo-5"
            },
            "tags_all": {
              "Environment": "prod",
              "project": "pin-final-grupo-5"
            },
            "tenancy": "default",
            "timeouts": null,
            "user_data": "d5e89dd66a13839c0a8fa4bceadebbf504063ade",
            "user_data_base64": null,
            "user_data_replace_on_change": false,
            "volume_tags": null,
            "vpc_security_group_ids": [
              "sg-03ce0979f265c2968"
            ]
          },
          "sensitive_attributes": [],
          "private": "eyJlMmJmYjczMC1lY2FhLTExZTYtOGY4OC0zNDM2M2JjN2M0YzAiOnsiY3JlYXRlIjo2MDAwMDAwMDAwMDAsImRlbGV0ZSI6MTIwMDAwMDAwMDAwMCwidXBkYXRlIjo2MDAwMDAwMDAwMDB9LCJzY2hlbWFfdmVyc2lvbiI6IjEifQ==",
          "dependencies": [
            "aws_iam_instance_profile.resources-iam-profile",
            "aws_iam_role.resources-iam-role",
            "module.keys.aws_key_pair.pin",
            "module.sg.aws_security_group.pin-final-sg"
          ]
        }
      ]
    },
    {
      "module": "module.sg",
      "mode": "managed",
      "type": "aws_security_group",
      "name": "pin-final-sg",
      "provider": "provider[\"registry.terraform.io/hashicorp/aws\"]",
      "instances": [
        {
          "schema_version": 1,
          "attributes": {
            "arn": "arn:aws:ec2:us-east-2:115692483503:security-group/sg-03ce0979f265c2968",
            "description": "Reglas del servidor server_pin_final_web",
            "egress": [
              {
                "cidr_blocks": [
                  "0.0.0.0/0"
                ],
                "description": "",
                "from_port": 0,
                "ipv6_cidr_blocks": [],
                "prefix_list_ids": [],
                "protocol": "-1",
                "security_groups": [],
                "self": false,
                "to_port": 0
              }
            ],
            "id": "sg-03ce0979f265c2968",
            "ingress": [
              {
                "cidr_blocks": [
                  "0.0.0.0/0"
                ],
                "description": "",
                "from_port": 22,
                "ipv6_cidr_blocks": [],
                "prefix_list_ids": [],
                "protocol": "tcp",
                "security_groups": [],
                "self": false,
                "to_port": 22
              },
              {
                "cidr_blocks": [
                  "0.0.0.0/0"
                ],
                "description": "",
                "from_port": 80,
                "ipv6_cidr_blocks": [],
                "prefix_list_ids": [],
                "protocol": "tcp",
                "security_groups": [],
                "self": false,
                "to_port": 80
              }
            ],
            "name": "pin-final-sg",
            "name_prefix": "",
            "owner_id": "115692483503",
            "revoke_rules_on_delete": false,
            "tags": {
              "Environment": "prod",
              "project": "pin-final-grupo-5"
            },
            "tags_all": {
              "Environment": "prod",
              "project": "pin-final-grupo-5"
            },
            "timeouts": null,
            "vpc_id": "vpc-062c21c7bff9312ed"
          },
          "sensitive_attributes": [],
          "private": "eyJlMmJmYjczMC1lY2FhLTExZTYtOGY4OC0zNDM2M2JjN2M0YzAiOnsiY3JlYXRlIjo2MDAwMDAwMDAwMDAsImRlbGV0ZSI6OTAwMDAwMDAwMDAwfSwic2NoZW1hX3ZlcnNpb24iOiIxIn0="
        }
      ]
    }
  ],
  "check_results": null
}
