{
  "version": 4,
  "terraform_version": "1.6.5",
  "serial": 42,
  "lineage": "b858aee9-23cd-5144-8d11-d3cfe0e3c321",
  "outputs": {},
  "resources": [
    {
      "mode": "managed",
      "type": "aws_iam_instance_profile",
      "name": "resources-iam-profile",
      "provider": "provider[\"registry.terraform.io/hashicorp/aws\"]",
      "instances": [
        {
          "schema_version": 0,
          "attributes": {
            "arn": "arn:aws:iam::115692483503:instance-profile/ec2-admin",
            "create_date": "2023-12-05T23:24:06Z",
            "id": "ec2-admin",
            "name": "ec2-admin",
            "name_prefix": "",
            "path": "/",
            "role": "ec2-admin",
            "tags": {},
            "tags_all": {},
            "unique_id": "AIPARV36PGOXXVNR6XXYX"
          },
          "sensitive_attributes": [],
          "private": "bnVsbA==",
          "dependencies": [
            "aws_iam_role.resources-iam-role"
          ]
        }
      ]
    },
    {
      "mode": "managed",
      "type": "aws_iam_role",
      "name": "resources-iam-role",
      "provider": "provider[\"registry.terraform.io/hashicorp/aws\"]",
      "instances": [
        {
          "schema_version": 0,
          "attributes": {
            "arn": "arn:aws:iam::115692483503:role/ec2-admin",
            "assume_role_policy": "{\"Statement\":[{\"Action\":\"sts:AssumeRole\",\"Effect\":\"Allow\",\"Principal\":{\"Service\":\"ec2.amazonaws.com\"}}],\"Version\":\"2012-10-17\"}",
            "create_date": "2023-12-05T23:24:05Z",
            "description": "The role for infra EC2",
            "force_detach_policies": false,
            "id": "ec2-admin",
            "inline_policy": [],
            "managed_policy_arns": [],
            "max_session_duration": 3600,
            "name": "ec2-admin",
            "name_prefix": "",
            "path": "/",
            "permissions_boundary": "",
            "tags": {},
            "tags_all": {},
            "unique_id": "AROARV36PGOXUELLUPYLP"
          },
          "sensitive_attributes": [],
          "private": "bnVsbA=="
        }
      ]
    },
    {
      "module": "module.keys",
      "mode": "managed",
      "type": "aws_key_pair",
      "name": "pin",
      "provider": "provider[\"registry.terraform.io/hashicorp/aws\"]",
      "instances": [
        {
          "schema_version": 1,
          "attributes": {
            "arn": "arn:aws:ec2:us-east-2:115692483503:key-pair/pin",
            "fingerprint": "qYgoSe9UKdj6qBOk8U830JIFEoxMAG/4mXcSfNd+Nhg=",
            "id": "pin",
            "key_name": "pin",
            "key_name_prefix": "",
            "key_pair_id": "key-0f9025ca680e1a28b",
            "key_type": "ed25519",
            "public_key": "ssh-ed25519 AAAAC3NzaC1lZDI1NTE5AAAAIEXmS1q56caYzuK3RwcJVaMZg62LR2kxRBRDAkq+VXy4 danielrosso@MacBook-Air-de-Daniel.local",
            "tags": {
              "Environment": "prod",
              "project": "pin-final-grupo-5"
            },
            "tags_all": {
              "Environment": "prod",
              "project": "pin-final-grupo-5"
            }
          },
          "sensitive_attributes": [],
          "private": "eyJzY2hlbWFfdmVyc2lvbiI6IjEifQ=="
        }
      ]
    },
    {
      "module": "module.sg",
      "mode": "managed",
      "type": "aws_security_group",
      "name": "pin-final-sg",
      "provider": "provider[\"registry.terraform.io/hashicorp/aws\"]",
      "instances": [
        {
          "schema_version": 1,
          "attributes": {
            "arn": "arn:aws:ec2:us-east-2:115692483503:security-group/sg-03ce0979f265c2968",
            "description": "Reglas del servidor server_pin_final_web",
            "egress": [
              {
                "cidr_blocks": [
                  "0.0.0.0/0"
                ],
                "description": "",
                "from_port": 0,
                "ipv6_cidr_blocks": [],
                "prefix_list_ids": [],
                "protocol": "-1",
                "security_groups": [],
                "self": false,
                "to_port": 0
              }
            ],
            "id": "sg-03ce0979f265c2968",
            "ingress": [
              {
                "cidr_blocks": [
                  "0.0.0.0/0"
                ],
                "description": "",
                "from_port": 22,
                "ipv6_cidr_blocks": [],
                "prefix_list_ids": [],
                "protocol": "tcp",
                "security_groups": [],
                "self": false,
                "to_port": 22
              },
              {
                "cidr_blocks": [
                  "0.0.0.0/0"
                ],
                "description": "",
                "from_port": 80,
                "ipv6_cidr_blocks": [],
                "prefix_list_ids": [],
                "protocol": "tcp",
                "security_groups": [],
                "self": false,
                "to_port": 80
              }
            ],
            "name": "pin-final-sg",
            "name_prefix": "",
            "owner_id": "115692483503",
            "revoke_rules_on_delete": false,
            "tags": {
              "Environment": "prod",
              "project": "pin-final-grupo-5"
            },
            "tags_all": {
              "Environment": "prod",
              "project": "pin-final-grupo-5"
            },
            "timeouts": null,
            "vpc_id": "vpc-062c21c7bff9312ed"
          },
          "sensitive_attributes": [],
          "private": "eyJlMmJmYjczMC1lY2FhLTExZTYtOGY4OC0zNDM2M2JjN2M0YzAiOnsiY3JlYXRlIjo2MDAwMDAwMDAwMDAsImRlbGV0ZSI6OTAwMDAwMDAwMDAwfSwic2NoZW1hX3ZlcnNpb24iOiIxIn0="
        }
      ]
    }
  ],
  "check_results": null
}
